{
    "_readme": [
        "This file locks the dependencies of your project to a known state",
        "Read more about it at https://getcomposer.org/doc/01-basic-usage.md#installing-dependencies",
        "This file is @generated automatically"
    ],
    "content-hash": "594a2ddfdbd73120b2023751be1de4d5",
    "packages": [
        {
            "name": "phplrt/source-contracts",
            "version": "2.0.0",
            "source": {
                "type": "git",
                "url": "https://github.com/phplrt/source-contracts.git",
                "reference": "f9bbdef2ddcbc5b90cee22f67da6fbd5acaee2e8"
            },
            "dist": {
                "type": "zip",
                "url": "https://api.github.com/repos/phplrt/source-contracts/zipball/f9bbdef2ddcbc5b90cee22f67da6fbd5acaee2e8",
                "reference": "f9bbdef2ddcbc5b90cee22f67da6fbd5acaee2e8",
                "shasum": ""
            },
            "require": {
                "php": ">=7.1.3"
            },
            "type": "library",
            "extra": {
                "branch-alias": {
                    "dev-master": "2.0.x-dev"
                }
            },
            "autoload": {
                "psr-4": {
                    "Phplrt\\Contracts\\Source\\": "src/"
                }
            },
            "notification-url": "https://packagist.org/downloads/",
            "license": [
                "MIT"
            ],
            "authors": [
                {
                    "name": "Kirill Nesmeyanov",
                    "email": "nesk@xakep.ru"
                }
            ],
            "description": "A set of phplrt source data abstractions",
            "homepage": "https://github.com/phplrt",
            "keywords": [
                "abstraction",
                "abstractions",
                "contracts",
                "decoupling",
                "directory",
                "file",
                "file system",
                "fs",
                "interfaces",
                "interoperability",
                "reader",
                "standards"
            ],
            "time": "2019-07-30T07:06:30+00:00"
        }
    ],
    "packages-dev": [],
    "aliases": [],
    "minimum-stability": "dev",
    "stability-flags": {
        "phplrt/source-contracts": 20
    },
    "prefer-stable": true,
    "prefer-lowest": false,
    "platform": {
        "php": ">=7.1.3"
    },
    "platform-dev": []
}
